
Microsoft Visual Studio Solution File, Format Version 12.00
# Visual Studio 15
VisualStudioVersion = 15.0.28307.1062
MinimumVisualStudioVersion = 10.0.40219.1
Project("{FAE04EC0-301F-11D3-BF4B-00C04F79EFBC}") = "PlatformaObliczeniowa", "PlatformaObliczeniowa\PlatformaObliczeniowa.csproj", "{66170299-3012-4601-84C8-CEC2A49A5617}"
EndProject
Global
	GlobalSection(SolutionConfigurationPlatforms) = preSolution
		Debug|Any CPU = Debug|Any CPU
		Release|Any CPU = Release|Any CPU
	EndGlobalSection
	GlobalSection(ProjectConfigurationPlatforms) = postSolution
		{66170299-3012-4601-84C8-CEC2A49A5617}.Debug|Any CPU.ActiveCfg = Debug|Any CPU
		{66170299-3012-4601-84C8-CEC2A49A5617}.Debug|Any CPU.Build.0 = Debug|Any CPU
		{66170299-3012-4601-84C8-CEC2A49A5617}.Release|Any CPU.ActiveCfg = Release|Any CPU
		{66170299-3012-4601-84C8-CEC2A49A5617}.Release|Any CPU.Build.0 = Release|Any CPU
	EndGlobalSection
	GlobalSection(SolutionProperties) = preSolution
		HideSolutionNode = FALSE
	EndGlobalSection
	GlobalSection(ExtensibilityGlobals) = postSolution
		SolutionGuid = {C93E13AB-63AF-46E4-BF65-230018B7A450}
	EndGlobalSection
EndGlobal
